
Microsoft Visual Studio Solution File, Format Version 12.00
# Visual Studio Version 16
VisualStudioVersion = 16.0.30621.155
MinimumVisualStudioVersion = 10.0.40219.1
Project("{9A19103F-16F7-4668-BE54-9A1E7A4F7556}") = "Fractals", "testform\Fractals.csproj", "{6731B8D5-DC0C-4B54-87C8-FFA81F7DBB11}"
EndProject
Global
	GlobalSection(SolutionConfigurationPlatforms) = preSolution
		Debug|Any CPU = Debug|Any CPU
		Release|Any CPU = Release|Any CPU
	EndGlobalSection
	GlobalSection(ProjectConfigurationPlatforms) = postSolution
		{6731B8D5-DC0C-4B54-87C8-FFA81F7DBB11}.Debug|Any CPU.ActiveCfg = Debug|Any CPU
		{6731B8D5-DC0C-4B54-87C8-FFA81F7DBB11}.Debug|Any CPU.Build.0 = Debug|Any CPU
		{6731B8D5-DC0C-4B54-87C8-FFA81F7DBB11}.Release|Any CPU.ActiveCfg = Release|Any CPU
		{6731B8D5-DC0C-4B54-87C8-FFA81F7DBB11}.Release|Any CPU.Build.0 = Release|Any CPU
	EndGlobalSection
	GlobalSection(SolutionProperties) = preSolution
		HideSolutionNode = FALSE
	EndGlobalSection
	GlobalSection(ExtensibilityGlobals) = postSolution
		SolutionGuid = {E30FE371-1981-4CA2-B103-CC9C353F742D}
	EndGlobalSection
EndGlobal
